
Microsoft Visual Studio Solution File, Format Version 12.00
# Visual Studio Version 16
VisualStudioVersion = 16.0.28621.142
MinimumVisualStudioVersion = 10.0.40219.1
Project("{9A19103F-16F7-4668-BE54-9A1E7A4F7556}") = "ComputorV2", "ComputorV2\ComputorV2.csproj", "{CF8BFE91-03BE-426D-A00B-6AE1B4557C5D}"
	ProjectSection(ProjectDependencies) = postProject
		{B8A2549A-F966-442B-9287-CF28E1409EEE} = {B8A2549A-F966-442B-9287-CF28E1409EEE}
	EndProjectSection
EndProject
Project("{9A19103F-16F7-4668-BE54-9A1E7A4F7556}") = "ComputorV2.UnitTests", "ComputorV2.Tests\ComputorV2.UnitTests.csproj", "{515B9CD1-DFBB-4237-A506-FFC4DA7E33AA}"
	ProjectSection(ProjectDependencies) = postProject
		{CF8BFE91-03BE-426D-A00B-6AE1B4557C5D} = {CF8BFE91-03BE-426D-A00B-6AE1B4557C5D}
	EndProjectSection
EndProject
Project("{9A19103F-16F7-4668-BE54-9A1E7A4F7556}") = "BigNumbers", "BigNumbers\BigNumbers.csproj", "{B8A2549A-F966-442B-9287-CF28E1409EEE}"
EndProject
Project("{9A19103F-16F7-4668-BE54-9A1E7A4F7556}") = "ComputorV2.IntegrationTests", "ComputorV2.IntegrationTests\ComputorV2.IntegrationTests.csproj", "{AC74C23A-2F8C-40A5-987D-A631DD56D698}"
EndProject
Project("{9A19103F-16F7-4668-BE54-9A1E7A4F7556}") = "BigNumbersTests", "BigNumbersTests\BigNumbersTests.csproj", "{3030DF37-A9A4-41A6-AFE3-B0EBC074397F}"
EndProject
Project("{2150E333-8FDC-42A3-9474-1A3956D46DE8}") = "Tests", "Tests", "{7AE3C530-8731-42B2-AF90-30F44F27CCEC}"
EndProject
Project("{FAE04EC0-301F-11D3-BF4B-00C04F79EFBC}") = "PolynomialSolver", "EquationSolver\PolynomialSolver.csproj", "{0A13AFDF-2CB1-4E89-8521-71EF8507F8E7}"
EndProject
Global
	GlobalSection(SolutionConfigurationPlatforms) = preSolution
		Debug|Any CPU = Debug|Any CPU
		Release|Any CPU = Release|Any CPU
	EndGlobalSection
	GlobalSection(ProjectConfigurationPlatforms) = postSolution
		{CF8BFE91-03BE-426D-A00B-6AE1B4557C5D}.Debug|Any CPU.ActiveCfg = Debug|Any CPU
		{CF8BFE91-03BE-426D-A00B-6AE1B4557C5D}.Debug|Any CPU.Build.0 = Debug|Any CPU
		{CF8BFE91-03BE-426D-A00B-6AE1B4557C5D}.Release|Any CPU.ActiveCfg = Release|Any CPU
		{CF8BFE91-03BE-426D-A00B-6AE1B4557C5D}.Release|Any CPU.Build.0 = Release|Any CPU
		{515B9CD1-DFBB-4237-A506-FFC4DA7E33AA}.Debug|Any CPU.ActiveCfg = Debug|Any CPU
		{515B9CD1-DFBB-4237-A506-FFC4DA7E33AA}.Debug|Any CPU.Build.0 = Debug|Any CPU
		{515B9CD1-DFBB-4237-A506-FFC4DA7E33AA}.Release|Any CPU.ActiveCfg = Release|Any CPU
		{515B9CD1-DFBB-4237-A506-FFC4DA7E33AA}.Release|Any CPU.Build.0 = Release|Any CPU
		{B8A2549A-F966-442B-9287-CF28E1409EEE}.Debug|Any CPU.ActiveCfg = Debug|Any CPU
		{B8A2549A-F966-442B-9287-CF28E1409EEE}.Debug|Any CPU.Build.0 = Debug|Any CPU
		{B8A2549A-F966-442B-9287-CF28E1409EEE}.Release|Any CPU.ActiveCfg = Release|Any CPU
		{B8A2549A-F966-442B-9287-CF28E1409EEE}.Release|Any CPU.Build.0 = Release|Any CPU
		{AC74C23A-2F8C-40A5-987D-A631DD56D698}.Debug|Any CPU.ActiveCfg = Debug|Any CPU
		{AC74C23A-2F8C-40A5-987D-A631DD56D698}.Debug|Any CPU.Build.0 = Debug|Any CPU
		{AC74C23A-2F8C-40A5-987D-A631DD56D698}.Release|Any CPU.ActiveCfg = Release|Any CPU
		{AC74C23A-2F8C-40A5-987D-A631DD56D698}.Release|Any CPU.Build.0 = Release|Any CPU
		{3030DF37-A9A4-41A6-AFE3-B0EBC074397F}.Debug|Any CPU.ActiveCfg = Debug|Any CPU
		{3030DF37-A9A4-41A6-AFE3-B0EBC074397F}.Debug|Any CPU.Build.0 = Debug|Any CPU
		{3030DF37-A9A4-41A6-AFE3-B0EBC074397F}.Release|Any CPU.ActiveCfg = Release|Any CPU
		{3030DF37-A9A4-41A6-AFE3-B0EBC074397F}.Release|Any CPU.Build.0 = Release|Any CPU
		{0A13AFDF-2CB1-4E89-8521-71EF8507F8E7}.Debug|Any CPU.ActiveCfg = Debug|Any CPU
		{0A13AFDF-2CB1-4E89-8521-71EF8507F8E7}.Debug|Any CPU.Build.0 = Debug|Any CPU
		{0A13AFDF-2CB1-4E89-8521-71EF8507F8E7}.Release|Any CPU.ActiveCfg = Release|Any CPU
		{0A13AFDF-2CB1-4E89-8521-71EF8507F8E7}.Release|Any CPU.Build.0 = Release|Any CPU
	EndGlobalSection
	GlobalSection(SolutionProperties) = preSolution
		HideSolutionNode = FALSE
	EndGlobalSection
	GlobalSection(NestedProjects) = preSolution
		{515B9CD1-DFBB-4237-A506-FFC4DA7E33AA} = {7AE3C530-8731-42B2-AF90-30F44F27CCEC}
		{AC74C23A-2F8C-40A5-987D-A631DD56D698} = {7AE3C530-8731-42B2-AF90-30F44F27CCEC}
		{3030DF37-A9A4-41A6-AFE3-B0EBC074397F} = {7AE3C530-8731-42B2-AF90-30F44F27CCEC}
	EndGlobalSection
	GlobalSection(ExtensibilityGlobals) = postSolution
		SolutionGuid = {151D11B5-413C-4D8C-B96B-03CEB04122B1}
	EndGlobalSection
EndGlobal
